
Microsoft Visual Studio Solution File, Format Version 12.00
# Visual Studio 2013
VisualStudioVersion = 12.0.40629.0
MinimumVisualStudioVersion = 10.0.40219.1
Project("{FAE04EC0-301F-11D3-BF4B-00C04F79EFBC}") = "ShoppingCartLib", "ShoppingCartLib\ShoppingCartLib.csproj", "{F6584606-53B1-469A-B749-6AAFCF94CC75}"
EndProject
Project("{FAE04EC0-301F-11D3-BF4B-00C04F79EFBC}") = "ShoppingCartLibTests", "ShoppingCartLibTests\ShoppingCartLibTests.csproj", "{0955B8AD-72E5-421E-80FB-2755E8DB2A39}"
EndProject
Global
	GlobalSection(SolutionConfigurationPlatforms) = preSolution
		Debug|Any CPU = Debug|Any CPU
		Release|Any CPU = Release|Any CPU
	EndGlobalSection
	GlobalSection(ProjectConfigurationPlatforms) = postSolution
		{F6584606-53B1-469A-B749-6AAFCF94CC75}.Debug|Any CPU.ActiveCfg = Debug|Any CPU
		{F6584606-53B1-469A-B749-6AAFCF94CC75}.Debug|Any CPU.Build.0 = Debug|Any CPU
		{F6584606-53B1-469A-B749-6AAFCF94CC75}.Release|Any CPU.ActiveCfg = Release|Any CPU
		{F6584606-53B1-469A-B749-6AAFCF94CC75}.Release|Any CPU.Build.0 = Release|Any CPU
		{0955B8AD-72E5-421E-80FB-2755E8DB2A39}.Debug|Any CPU.ActiveCfg = Debug|Any CPU
		{0955B8AD-72E5-421E-80FB-2755E8DB2A39}.Debug|Any CPU.Build.0 = Debug|Any CPU
		{0955B8AD-72E5-421E-80FB-2755E8DB2A39}.Release|Any CPU.ActiveCfg = Release|Any CPU
		{0955B8AD-72E5-421E-80FB-2755E8DB2A39}.Release|Any CPU.Build.0 = Release|Any CPU
	EndGlobalSection
	GlobalSection(SolutionProperties) = preSolution
		HideSolutionNode = FALSE
	EndGlobalSection
EndGlobal
